
Microsoft Visual Studio Solution File, Format Version 12.00
# Visual Studio Version 16
VisualStudioVersion = 16.0.29806.167
MinimumVisualStudioVersion = 10.0.40219.1
Project("{F184B08F-C81C-45F6-A57F-5ABD9991F28F}") = "Mercury", "Mercury.vbproj", "{E081E6E6-402E-40A4-A7D6-FE8D62AE6412}"
EndProject
Global
	GlobalSection(SolutionConfigurationPlatforms) = preSolution
		Debug|Any CPU = Debug|Any CPU
		Release|Any CPU = Release|Any CPU
	EndGlobalSection
	GlobalSection(ProjectConfigurationPlatforms) = postSolution
		{E081E6E6-402E-40A4-A7D6-FE8D62AE6412}.Debug|Any CPU.ActiveCfg = Debug|Any CPU
		{E081E6E6-402E-40A4-A7D6-FE8D62AE6412}.Debug|Any CPU.Build.0 = Debug|Any CPU
		{E081E6E6-402E-40A4-A7D6-FE8D62AE6412}.Release|Any CPU.ActiveCfg = Release|Any CPU
		{E081E6E6-402E-40A4-A7D6-FE8D62AE6412}.Release|Any CPU.Build.0 = Release|Any CPU
	EndGlobalSection
	GlobalSection(SolutionProperties) = preSolution
		HideSolutionNode = FALSE
	EndGlobalSection
	GlobalSection(ExtensibilityGlobals) = postSolution
		SolutionGuid = {DF3E9C64-46C3-4BE8-93F4-E059AAF0D42F}
	EndGlobalSection
EndGlobal
